{
    "_readme": [
        "This file locks the dependencies of your project to a known state",
        "Read more about it at https://getcomposer.org/doc/01-basic-usage.md#installing-dependencies",
        "This file is @generated automatically"
    ],
    "content-hash": "44dd0c36ef7a1b2e0173e362e114dc17",
    "packages": [
        {
            "name": "oliver404/pingfan.kit",
            "version": "1.0.0.0",
            "source": {
                "type": "git",
                "url": "https://github.com/oliverscode/php.pingfan.kit.git",
                "reference": "bb07bbe4b9aa8bba94521532e531e48ab38d9d85"
            },
            "dist": {
                "type": "zip",
                "url": "https://api.github.com/repos/oliverscode/php.pingfan.kit/zipball/bb07bbe4b9aa8bba94521532e531e48ab38d9d85",
                "reference": "bb07bbe4b9aa8bba94521532e531e48ab38d9d85",
                "shasum": ""
            },
            "require": {
                "ext-curl": "*",
                "ext-json": "*",
                "ext-mbstring": "*",
                "ext-pdo": "*",
                "php": ">=7"
            },
            "type": "library",
            "autoload": {
                "files": [],
                "classmap": [
                    "src"
                ]
            },
            "notification-url": "https://packagist.org/downloads/",
            "license": [
                "MIT"
            ],
            "authors": [
                {
                    "name": "Oliver",
                    "email": "yplpf96@gmail.com"
                }
            ],
            "description": "工具库提供工作效率",
            "support": {
                "issues": "https://github.com/oliverscode/php.pingfan.kit/issues",
                "source": "https://github.com/oliverscode/php.pingfan.kit/tree/1.0.0.0"
            },
            "time": "2024-05-29T11:09:19+00:00"
        }
    ],
    "packages-dev": [],
    "aliases": [],
    "minimum-stability": "stable",
    "stability-flags": [],
    "prefer-stable": false,
    "prefer-lowest": false,
    "platform": [],
    "platform-dev": [],
    "plugin-api-version": "2.6.0"
}
